# THIS IS AN AUTOGENERATED FILE. DO NOT EDIT THIS FILE DIRECTLY.
# yarn lockfile v1


"@esbuild/android-arm64@0.17.15":
  version "0.17.15"
  resolved "https://registry.yarnpkg.com/@esbuild/android-arm64/-/android-arm64-0.17.15.tgz#893ad71f3920ccb919e1757c387756a9bca2ef42"
  integrity sha512-0kOB6Y7Br3KDVgHeg8PRcvfLkq+AccreK///B4Z6fNZGr/tNHX0z2VywCc7PTeWp+bPvjA5WMvNXltHw5QjAIA==

"@esbuild/android-arm@0.17.15":
  version "0.17.15"
  resolved "https://registry.yarnpkg.com/@esbuild/android-arm/-/android-arm-0.17.15.tgz#143e0d4e4c08c786ea410b9a7739779a9a1315d8"
  integrity sha512-sRSOVlLawAktpMvDyJIkdLI/c/kdRTOqo8t6ImVxg8yT7LQDUYV5Rp2FKeEosLr6ZCja9UjYAzyRSxGteSJPYg==

"@esbuild/android-x64@0.17.15":
  version "0.17.15"
  resolved "https://registry.yarnpkg.com/@esbuild/android-x64/-/android-x64-0.17.15.tgz#d2d12a7676b2589864281b2274355200916540bc"
  integrity sha512-MzDqnNajQZ63YkaUWVl9uuhcWyEyh69HGpMIrf+acR4otMkfLJ4sUCxqwbCyPGicE9dVlrysI3lMcDBjGiBBcQ==

"@esbuild/darwin-arm64@0.17.15":
  version "0.17.15"
  resolved "https://registry.yarnpkg.com/@esbuild/darwin-arm64/-/darwin-arm64-0.17.15.tgz#2e88e79f1d327a2a7d9d06397e5232eb0a473d61"
  integrity sha512-7siLjBc88Z4+6qkMDxPT2juf2e8SJxmsbNVKFY2ifWCDT72v5YJz9arlvBw5oB4W/e61H1+HDB/jnu8nNg0rLA==

"@esbuild/darwin-x64@0.17.15":
  version "0.17.15"
  resolved "https://registry.yarnpkg.com/@esbuild/darwin-x64/-/darwin-x64-0.17.15.tgz#9384e64c0be91388c57be6d3a5eaf1c32a99c91d"
  integrity sha512-NbImBas2rXwYI52BOKTW342Tm3LTeVlaOQ4QPZ7XuWNKiO226DisFk/RyPk3T0CKZkKMuU69yOvlapJEmax7cg==

"@esbuild/freebsd-arm64@0.17.15":
  version "0.17.15"
  resolved "https://registry.yarnpkg.com/@esbuild/freebsd-arm64/-/freebsd-arm64-0.17.15.tgz#2ad5a35bc52ebd9ca6b845dbc59ba39647a93c1a"
  integrity sha512-Xk9xMDjBVG6CfgoqlVczHAdJnCs0/oeFOspFap5NkYAmRCT2qTn1vJWA2f419iMtsHSLm+O8B6SLV/HlY5cYKg==

"@esbuild/freebsd-x64@0.17.15":
  version "0.17.15"
  resolved "https://registry.yarnpkg.com/@esbuild/freebsd-x64/-/freebsd-x64-0.17.15.tgz#b513a48446f96c75fda5bef470e64d342d4379cd"
  integrity sha512-3TWAnnEOdclvb2pnfsTWtdwthPfOz7qAfcwDLcfZyGJwm1SRZIMOeB5FODVhnM93mFSPsHB9b/PmxNNbSnd0RQ==

"@esbuild/linux-arm64@0.17.15":
  version "0.17.15"
  resolved "https://registry.yarnpkg.com/@esbuild/linux-arm64/-/linux-arm64-0.17.15.tgz#9697b168175bfd41fa9cc4a72dd0d48f24715f31"
  integrity sha512-T0MVnYw9KT6b83/SqyznTs/3Jg2ODWrZfNccg11XjDehIved2oQfrX/wVuev9N936BpMRaTR9I1J0tdGgUgpJA==

"@esbuild/linux-arm@0.17.15":
  version "0.17.15"
  resolved "https://registry.yarnpkg.com/@esbuild/linux-arm/-/linux-arm-0.17.15.tgz#5b22062c54f48cd92fab9ffd993732a52db70cd3"
  integrity sha512-MLTgiXWEMAMr8nmS9Gigx43zPRmEfeBfGCwxFQEMgJ5MC53QKajaclW6XDPjwJvhbebv+RzK05TQjvH3/aM4Xw==

"@esbuild/linux-ia32@0.17.15":
  version "0.17.15"
  resolved "https://registry.yarnpkg.com/@esbuild/linux-ia32/-/linux-ia32-0.17.15.tgz#eb28a13f9b60b5189fcc9e98e1024f6b657ba54c"
  integrity sha512-wp02sHs015T23zsQtU4Cj57WiteiuASHlD7rXjKUyAGYzlOKDAjqK6bk5dMi2QEl/KVOcsjwL36kD+WW7vJt8Q==

"@esbuild/linux-loong64@0.17.15":
  version "0.17.15"
  resolved "https://registry.yarnpkg.com/@esbuild/linux-loong64/-/linux-loong64-0.17.15.tgz#32454bdfe144cf74b77895a8ad21a15cb81cfbe5"
  integrity sha512-k7FsUJjGGSxwnBmMh8d7IbObWu+sF/qbwc+xKZkBe/lTAF16RqxRCnNHA7QTd3oS2AfGBAnHlXL67shV5bBThQ==

"@esbuild/linux-mips64el@0.17.15":
  version "0.17.15"
  resolved "https://registry.yarnpkg.com/@esbuild/linux-mips64el/-/linux-mips64el-0.17.15.tgz#af12bde0d775a318fad90eb13a0455229a63987c"
  integrity sha512-ZLWk6czDdog+Q9kE/Jfbilu24vEe/iW/Sj2d8EVsmiixQ1rM2RKH2n36qfxK4e8tVcaXkvuV3mU5zTZviE+NVQ==

"@esbuild/linux-ppc64@0.17.15":
  version "0.17.15"
  resolved "https://registry.yarnpkg.com/@esbuild/linux-ppc64/-/linux-ppc64-0.17.15.tgz#34c5ed145b2dfc493d3e652abac8bd3baa3865a5"
  integrity sha512-mY6dPkIRAiFHRsGfOYZC8Q9rmr8vOBZBme0/j15zFUKM99d4ILY4WpOC7i/LqoY+RE7KaMaSfvY8CqjJtuO4xg==

"@esbuild/linux-riscv64@0.17.15":
  version "0.17.15"
  resolved "https://registry.yarnpkg.com/@esbuild/linux-riscv64/-/linux-riscv64-0.17.15.tgz#87bd515e837f2eb004b45f9e6a94dc5b93f22b92"
  integrity sha512-EcyUtxffdDtWjjwIH8sKzpDRLcVtqANooMNASO59y+xmqqRYBBM7xVLQhqF7nksIbm2yHABptoioS9RAbVMWVA==

"@esbuild/linux-s390x@0.17.15":
  version "0.17.15"
  resolved "https://registry.yarnpkg.com/@esbuild/linux-s390x/-/linux-s390x-0.17.15.tgz#20bf7947197f199ddac2ec412029a414ceae3aa3"
  integrity sha512-BuS6Jx/ezxFuHxgsfvz7T4g4YlVrmCmg7UAwboeyNNg0OzNzKsIZXpr3Sb/ZREDXWgt48RO4UQRDBxJN3B9Rbg==

"@esbuild/linux-x64@0.17.15":
  version "0.17.15"
  resolved "https://registry.yarnpkg.com/@esbuild/linux-x64/-/linux-x64-0.17.15.tgz#31b93f9c94c195e852c20cd3d1914a68aa619124"
  integrity sha512-JsdS0EgEViwuKsw5tiJQo9UdQdUJYuB+Mf6HxtJSPN35vez1hlrNb1KajvKWF5Sa35j17+rW1ECEO9iNrIXbNg==

"@esbuild/netbsd-x64@0.17.15":
  version "0.17.15"
  resolved "https://registry.yarnpkg.com/@esbuild/netbsd-x64/-/netbsd-x64-0.17.15.tgz#8da299b3ac6875836ca8cdc1925826498069ac65"
  integrity sha512-R6fKjtUysYGym6uXf6qyNephVUQAGtf3n2RCsOST/neIwPqRWcnc3ogcielOd6pT+J0RDR1RGcy0ZY7d3uHVLA==

"@esbuild/openbsd-x64@0.17.15":
  version "0.17.15"
  resolved "https://registry.yarnpkg.com/@esbuild/openbsd-x64/-/openbsd-x64-0.17.15.tgz#04a1ec3d4e919714dba68dcf09eeb1228ad0d20c"
  integrity sha512-mVD4PGc26b8PI60QaPUltYKeSX0wxuy0AltC+WCTFwvKCq2+OgLP4+fFd+hZXzO2xW1HPKcytZBdjqL6FQFa7w==

"@esbuild/sunos-x64@0.17.15":
  version "0.17.15"
  resolved "https://registry.yarnpkg.com/@esbuild/sunos-x64/-/sunos-x64-0.17.15.tgz#6694ebe4e16e5cd7dab6505ff7c28f9c1c695ce5"
  integrity sha512-U6tYPovOkw3459t2CBwGcFYfFRjivcJJc1WC8Q3funIwX8x4fP+R6xL/QuTPNGOblbq/EUDxj9GU+dWKX0oWlQ==

"@esbuild/win32-arm64@0.17.15":
  version "0.17.15"
  resolved "https://registry.yarnpkg.com/@esbuild/win32-arm64/-/win32-arm64-0.17.15.tgz#1f95b2564193c8d1fee8f8129a0609728171d500"
  integrity sha512-W+Z5F++wgKAleDABemiyXVnzXgvRFs+GVKThSI+mGgleLWluv0D7Diz4oQpgdpNzh4i2nNDzQtWbjJiqutRp6Q==

"@esbuild/win32-ia32@0.17.15":
  version "0.17.15"
  resolved "https://registry.yarnpkg.com/@esbuild/win32-ia32/-/win32-ia32-0.17.15.tgz#c362b88b3df21916ed7bcf75c6d09c6bf3ae354a"
  integrity sha512-Muz/+uGgheShKGqSVS1KsHtCyEzcdOn/W/Xbh6H91Etm+wiIfwZaBn1W58MeGtfI8WA961YMHFYTthBdQs4t+w==

"@esbuild/win32-x64@0.17.15":
  version "0.17.15"
  resolved "https://registry.yarnpkg.com/@esbuild/win32-x64/-/win32-x64-0.17.15.tgz#c2e737f3a201ebff8e2ac2b8e9f246b397ad19b8"
  integrity sha512-DjDa9ywLUUmjhV2Y9wUTIF+1XsmuFGvZoCmOWkli1XcNAh5t25cc7fgsCx4Zi/Uurep3TTLyDiKATgGEg61pkA==

"@lit-labs/ssr-dom-shim@^1.0.0", "@lit-labs/ssr-dom-shim@^1.1.0":
  version "1.1.0"
  resolved "https://registry.yarnpkg.com/@lit-labs/ssr-dom-shim/-/ssr-dom-shim-1.1.0.tgz#3361d6b8c4cb2ac426d5794ac7cd9776cd2f0814"
  integrity sha512-92uQ5ARf7UXYrzaFcAX3T2rTvaS9Z1//ukV+DqjACM4c8s0ZBQd7ayJU5Dh2AFLD/Ayuyz4uMmxQec8q3U4Ong==

"@lit/reactive-element@^1.3.0", "@lit/reactive-element@^1.6.0":
  version "1.6.1"
  resolved "https://registry.yarnpkg.com/@lit/reactive-element/-/reactive-element-1.6.1.tgz#0d958b6d479d0e3db5fc1132ecc4fa84be3f0b93"
  integrity sha512-va15kYZr7KZNNPZdxONGQzpUr+4sxVu7V/VG7a8mRfPPXUyhEYj5RzXCQmGrlP3tAh0L3HHm5AjBMFYRqlM9SA==
  dependencies:
    "@lit-labs/ssr-dom-shim" "^1.0.0"

"@material/web@1.0.0-pre.6":
  version "1.0.0-pre.6"
  resolved "https://registry.yarnpkg.com/@material/web/-/web-1.0.0-pre.6.tgz#191d94edbdcaeadb95a674f785be95e2896cea34"
  integrity sha512-85tAr793HCp9ObwcZ7TPoAblOjSSAYov5Fx7RLE/uzq9eSsBrZI4L8BX4oobJOikp3hV47acOsK5+STgnHi3yw==
  dependencies:
    lit "^2.3.0"
    safevalues "^0.4.3"
    tslib "^2.4.0"

"@tauri-apps/api@^1.2.0":
  version "1.2.0"
  resolved "https://registry.yarnpkg.com/@tauri-apps/api/-/api-1.2.0.tgz#1f196b3e012971227f41b98214c846430a4eb477"
  integrity sha512-lsI54KI6HGf7VImuf/T9pnoejfgkNoXveP14pVV7XarrQ46rOejIVJLFqHI9sRReJMGdh2YuCoI3cc/yCWCsrw==

"@tauri-apps/cli-darwin-arm64@1.2.3":
  version "1.2.3"
  resolved "https://registry.yarnpkg.com/@tauri-apps/cli-darwin-arm64/-/cli-darwin-arm64-1.2.3.tgz#dae9142e683c00199f4d7e088f22b564b08b9cac"
  integrity sha512-phJN3fN8FtZZwqXg08bcxfq1+X1JSDglLvRxOxB7VWPq+O5SuB8uLyssjJsu+PIhyZZnIhTGdjhzLSFhSXfLsw==

"@tauri-apps/cli-darwin-x64@1.2.3":
  version "1.2.3"
  resolved "https://registry.yarnpkg.com/@tauri-apps/cli-darwin-x64/-/cli-darwin-x64-1.2.3.tgz#c6f84a11a1a7800e3e8e22c8fa5b95d0b3d1f802"
  integrity sha512-jFZ/y6z8z6v4yliIbXKBXA7BJgtZVMsITmEXSuD6s5+eCOpDhQxbRkr6CA+FFfr+/r96rWSDSgDenDQuSvPAKw==

"@tauri-apps/cli-linux-arm-gnueabihf@1.2.3":
  version "1.2.3"
  resolved "https://registry.yarnpkg.com/@tauri-apps/cli-linux-arm-gnueabihf/-/cli-linux-arm-gnueabihf-1.2.3.tgz#ecccec4c255ab32903fb36e1c746ed7b4eff0d1d"
  integrity sha512-C7h5vqAwXzY0kRGSU00Fj8PudiDWFCiQqqUNI1N+fhCILrzWZB9TPBwdx33ZfXKt/U4+emdIoo/N34v3TiAOmQ==

"@tauri-apps/cli-linux-arm64-gnu@1.2.3":
  version "1.2.3"
  resolved "https://registry.yarnpkg.com/@tauri-apps/cli-linux-arm64-gnu/-/cli-linux-arm64-gnu-1.2.3.tgz#c3915de83a8fbe6f406eaa0b524a17c091a9a2cd"
  integrity sha512-buf1c8sdkuUzVDkGPQpyUdAIIdn5r0UgXU6+H5fGPq/Xzt5K69JzXaeo6fHsZEZghbV0hOK+taKV4J0m30UUMQ==

"@tauri-apps/cli-linux-arm64-musl@1.2.3":
  version "1.2.3"
  resolved "https://registry.yarnpkg.com/@tauri-apps/cli-linux-arm64-musl/-/cli-linux-arm64-musl-1.2.3.tgz#40f9f7cf0b4088964661fd412eff7310cb4ac605"
  integrity sha512-x88wPS9W5xAyk392vc4uNHcKBBvCp0wf4H9JFMF9OBwB7vfd59LbQCFcPSu8f0BI7bPrOsyHqspWHuFL8ojQEA==

"@tauri-apps/cli-linux-x64-gnu@1.2.3":
  version "1.2.3"
  resolved "https://registry.yarnpkg.com/@tauri-apps/cli-linux-x64-gnu/-/cli-linux-x64-gnu-1.2.3.tgz#0b3e4c1fda6205dbe872f4b69506669476f60591"
  integrity sha512-ZMz1jxEVe0B4/7NJnlPHmwmSIuwiD6ViXKs8F+OWWz2Y4jn5TGxWKFg7DLx5OwQTRvEIZxxT7lXHi5CuTNAxKg==

"@tauri-apps/cli-linux-x64-musl@1.2.3":
  version "1.2.3"
  resolved "https://registry.yarnpkg.com/@tauri-apps/cli-linux-x64-musl/-/cli-linux-x64-musl-1.2.3.tgz#edcf8f53da50337a2e763d4fda750ef56124036c"
  integrity sha512-B/az59EjJhdbZDzawEVox0LQu2ZHCZlk8rJf85AMIktIUoAZPFbwyiUv7/zjzA/sY6Nb58OSJgaPL2/IBy7E0A==

"@tauri-apps/cli-win32-ia32-msvc@1.2.3":
  version "1.2.3"
  resolved "https://registry.yarnpkg.com/@tauri-apps/cli-win32-ia32-msvc/-/cli-win32-ia32-msvc-1.2.3.tgz#0592d3e4eee4685674579ba897eef1469c6f1cfe"
  integrity sha512-ypdO1OdC5ugNJAKO2m3sb1nsd+0TSvMS9Tr5qN/ZSMvtSduaNwrcZ3D7G/iOIanrqu/Nl8t3LYlgPZGBKlw7Ng==

"@tauri-apps/cli-win32-x64-msvc@1.2.3":
  version "1.2.3"
  resolved "https://registry.yarnpkg.com/@tauri-apps/cli-win32-x64-msvc/-/cli-win32-x64-msvc-1.2.3.tgz#89f0cc36e11e56564161602cd6add155cc7b0dfb"
  integrity sha512-CsbHQ+XhnV/2csOBBDVfH16cdK00gNyNYUW68isedmqcn8j+s0e9cQ1xXIqi+Hue3awp8g3ImYN5KPepf3UExw==

"@tauri-apps/cli@^1.2.2":
  version "1.2.3"
  resolved "https://registry.yarnpkg.com/@tauri-apps/cli/-/cli-1.2.3.tgz#957f8a3a370f306e9e1ea5a891cb30aed91af64e"
  integrity sha512-erxtXuPhMEGJPBtnhPILD4AjuT81GZsraqpFvXAmEJZ2p8P6t7MVBifCL8LznRknznM3jn90D3M8RNBP3wcXTw==
  optionalDependencies:
    "@tauri-apps/cli-darwin-arm64" "1.2.3"
    "@tauri-apps/cli-darwin-x64" "1.2.3"
    "@tauri-apps/cli-linux-arm-gnueabihf" "1.2.3"
    "@tauri-apps/cli-linux-arm64-gnu" "1.2.3"
    "@tauri-apps/cli-linux-arm64-musl" "1.2.3"
    "@tauri-apps/cli-linux-x64-gnu" "1.2.3"
    "@tauri-apps/cli-linux-x64-musl" "1.2.3"
    "@tauri-apps/cli-win32-ia32-msvc" "1.2.3"
    "@tauri-apps/cli-win32-x64-msvc" "1.2.3"

"@types/trusted-types@^2.0.2":
  version "2.0.3"
  resolved "https://registry.yarnpkg.com/@types/trusted-types/-/trusted-types-2.0.3.tgz#a136f83b0758698df454e328759dbd3d44555311"
  integrity sha512-NfQ4gyz38SL8sDNrSixxU2Os1a5xcdFxipAFxYEuLUlvU2uDwS4NUpsImcf1//SlWItCVMMLiylsxbmNMToV/g==

esbuild@^0.17.5:
  version "0.17.15"
  resolved "https://registry.yarnpkg.com/esbuild/-/esbuild-0.17.15.tgz#209ebc87cb671ffb79574db93494b10ffaf43cbc"
  integrity sha512-LBUV2VsUIc/iD9ME75qhT4aJj0r75abCVS0jakhFzOtR7TQsqQA5w0tZ+KTKnwl3kXE0MhskNdHDh/I5aCR1Zw==
  optionalDependencies:
    "@esbuild/android-arm" "0.17.15"
    "@esbuild/android-arm64" "0.17.15"
    "@esbuild/android-x64" "0.17.15"
    "@esbuild/darwin-arm64" "0.17.15"
    "@esbuild/darwin-x64" "0.17.15"
    "@esbuild/freebsd-arm64" "0.17.15"
    "@esbuild/freebsd-x64" "0.17.15"
    "@esbuild/linux-arm" "0.17.15"
    "@esbuild/linux-arm64" "0.17.15"
    "@esbuild/linux-ia32" "0.17.15"
    "@esbuild/linux-loong64" "0.17.15"
    "@esbuild/linux-mips64el" "0.17.15"
    "@esbuild/linux-ppc64" "0.17.15"
    "@esbuild/linux-riscv64" "0.17.15"
    "@esbuild/linux-s390x" "0.17.15"
    "@esbuild/linux-x64" "0.17.15"
    "@esbuild/netbsd-x64" "0.17.15"
    "@esbuild/openbsd-x64" "0.17.15"
    "@esbuild/sunos-x64" "0.17.15"
    "@esbuild/win32-arm64" "0.17.15"
    "@esbuild/win32-ia32" "0.17.15"
    "@esbuild/win32-x64" "0.17.15"

fsevents@~2.3.2:
  version "2.3.2"
  resolved "https://registry.yarnpkg.com/fsevents/-/fsevents-2.3.2.tgz#8a526f78b8fdf4623b709e0b975c52c24c02fd1a"
  integrity sha512-xiqMQR4xAeHTuB9uWm+fFRcIOgKBMiOBP+eXiyT7jsgVCq1bkVygt00oASowB7EdtpOHaaPgKt812P9ab+DDKA==

lit-element@^3.3.0:
  version "3.3.0"
  resolved "https://registry.yarnpkg.com/lit-element/-/lit-element-3.3.0.tgz#a8e0b9ca5239faf721d9af4460f106cf7f03533b"
  integrity sha512-M3OIoblNS7LZdRxOIk8g0wyLEA/lRw/UGJ1TX+767OpkuDsRdSoxBIvewpWqCo7sMd9xt1XedUNZIr9jUO1X3g==
  dependencies:
    "@lit-labs/ssr-dom-shim" "^1.1.0"
    "@lit/reactive-element" "^1.3.0"
    lit-html "^2.7.0"

lit-html@^2.7.0:
  version "2.7.0"
  resolved "https://registry.yarnpkg.com/lit-html/-/lit-html-2.7.0.tgz#b244457d0f8c4782a50e83b2c6f3611347ef775d"
  integrity sha512-/zPOl8EfeB3HHpTzINSpnWgvgQ8N07g/j272EOAIyB0Ys2RzBqTVT23i+JZuUlNbB2WHHeSsTCFi92NtWrtpqQ==
  dependencies:
    "@types/trusted-types" "^2.0.2"

lit@^2.3.0:
  version "2.7.0"
  resolved "https://registry.yarnpkg.com/lit/-/lit-2.7.0.tgz#94242caa20f7b9e60d49cc0b843e4a694c4af3bb"
  integrity sha512-qSy2BAVA+OiWtNptP404egcC/izDdNRw6iHGIbUmkZtbMJvPKfNsaoKrNs8Zmsbjmv5ZX2tur1l9TfzkSWWT4g==
  dependencies:
    "@lit/reactive-element" "^1.6.0"
    lit-element "^3.3.0"
    lit-html "^2.7.0"

nanoid@^3.3.6:
  version "3.3.6"
  resolved "https://registry.yarnpkg.com/nanoid/-/nanoid-3.3.6.tgz#443380c856d6e9f9824267d960b4236ad583ea4c"
  integrity sha512-BGcqMMJuToF7i1rt+2PWSNVnWIkGCU78jBG3RxO/bZlnZPK2Cmi2QaffxGO/2RvWi9sL+FAiRiXMgsyxQ1DIDA==

picocolors@^1.0.0:
  version "1.0.0"
  resolved "https://registry.yarnpkg.com/picocolors/-/picocolors-1.0.0.tgz#cb5bdc74ff3f51892236eaf79d68bc44564ab81c"
  integrity sha512-1fygroTLlHu66zi26VoTDv8yRgm0Fccecssto+MhsZ0D/DGW2sm8E8AjW7NU5VVTRt5GxbeZ5qBuJr+HyLYkjQ==

postcss@^8.4.23:
  version "8.4.23"
  resolved "https://registry.yarnpkg.com/postcss/-/postcss-8.4.23.tgz#df0aee9ac7c5e53e1075c24a3613496f9e6552ab"
  integrity sha512-bQ3qMcpF6A/YjR55xtoTr0jGOlnPOKAIMdOWiv0EIT6HVPEaJiJB4NLljSbiHoC2RX7DN5Uvjtpbg1NPdwv1oA==
  dependencies:
    nanoid "^3.3.6"
    picocolors "^1.0.0"
    source-map-js "^1.0.2"

rollup@^3.21.0:
  version "3.21.0"
  resolved "https://registry.yarnpkg.com/rollup/-/rollup-3.21.0.tgz#0a71517db56e150222670f88e5e7acfa4fede7c8"
  integrity sha512-ANPhVcyeHvYdQMUyCbczy33nbLzI7RzrBje4uvNiTDJGIMtlKoOStmympwr9OtS1LZxiDmE2wvxHyVhoLtf1KQ==
  optionalDependencies:
    fsevents "~2.3.2"

safevalues@^0.4.3:
  version "0.4.3"
  resolved "https://registry.yarnpkg.com/safevalues/-/safevalues-0.4.3.tgz#b1969cd3199c01a0295dadac54b6162da3944d22"
  integrity sha512-pNCNTkx3xs7G5YJ/9CoeZZVUSPRjH0SEPM0QI5Z1FZRlLBviTFWlNKPs8PTvZvERV0gO7ie/t/Zc0S96JS4Xew==

source-map-js@^1.0.2:
  version "1.0.2"
  resolved "https://registry.yarnpkg.com/source-map-js/-/source-map-js-1.0.2.tgz#adbc361d9c62df380125e7f161f71c826f1e490c"
  integrity sha512-R0XvVJ9WusLiqTCEiGCmICCMplcCkIwwR11mOSD9CR5u+IXYdiseeEuXCVAjS54zqwkLcPNnmU4OeJ6tUrWhDw==

tslib@^2.4.0:
  version "2.5.0"
  resolved "https://registry.yarnpkg.com/tslib/-/tslib-2.5.0.tgz#42bfed86f5787aeb41d031866c8f402429e0fddf"
  integrity sha512-336iVw3rtn2BUK7ORdIAHTyxHGRIHVReokCR3XjbckJMK7ms8FysBfhLR8IXnAgy7T0PTPNBWKiH514FOW/WSg==

vite@4.3.3:
  version "4.3.3"
  resolved "https://registry.yarnpkg.com/vite/-/vite-4.3.3.tgz#26adb4aa01439fc4546c480ea547674d87289396"
  integrity sha512-MwFlLBO4udZXd+VBcezo3u8mC77YQk+ik+fbc0GZWGgzfbPP+8Kf0fldhARqvSYmtIWoAJ5BXPClUbMTlqFxrA==
  dependencies:
    esbuild "^0.17.5"
    postcss "^8.4.23"
    rollup "^3.21.0"
  optionalDependencies:
    fsevents "~2.3.2"
